{
    "_readme": [
        "This file locks the dependencies of your project to a known state",
        "Read more about it at https://getcomposer.org/doc/01-basic-usage.md#composer-lock-the-lock-file",
        "This file is @generated automatically"
    ],
    "content-hash": "1534c24f2c0afe31118f4e414eac46eb",
    "packages": [
        {
            "name": "rdx/fuelly",
            "version": "1.0",
            "source": {
                "type": "git",
                "url": "https://github.com/rudiedirkx/fuelly.git",
                "reference": "d1f7c9be80569858e8982e0f8091d0d4ee17b3cf"
            },
            "dist": {
                "type": "zip",
                "url": "https://api.github.com/repos/rudiedirkx/fuelly/zipball/d1f7c9be80569858e8982e0f8091d0d4ee17b3cf",
                "reference": "d1f7c9be80569858e8982e0f8091d0d4ee17b3cf",
                "shasum": ""
            },
            "require": {
                "rdx/http": "^1.0",
                "rdx/units": "^1.0"
            },
            "type": "library",
            "autoload": {
                "psr-4": {
                    "rdx\\fuelly\\": "src"
                }
            },
            "notification-url": "https://packagist.org/downloads/",
            "license": [
                "MIT"
            ],
            "authors": [
                {
                    "name": "Rudie Dirkx",
                    "email": "github@hotblocks.nl"
                }
            ],
            "description": "Fuelly fake 'API' client",
            "time": "2017-11-20T10:55:59+00:00"
        },
        {
            "name": "rdx/http",
            "version": "1.1",
            "source": {
                "type": "git",
                "url": "https://github.com/rudiedirkx/http.git",
                "reference": "67611de8eceb5c7ffb77d0fe6f6bf3e8ca9ad59a"
            },
            "dist": {
                "type": "zip",
                "url": "https://api.github.com/repos/rudiedirkx/http/zipball/67611de8eceb5c7ffb77d0fe6f6bf3e8ca9ad59a",
                "reference": "67611de8eceb5c7ffb77d0fe6f6bf3e8ca9ad59a",
                "shasum": ""
            },
            "type": "library",
            "autoload": {
                "psr-4": {
                    "rdx\\http\\": ""
                }
            },
            "notification-url": "https://packagist.org/downloads/",
            "license": [
                "MIT"
            ],
            "authors": [
                {
                    "name": "Rudie Dirkx",
                    "email": "github@hotblocks.nl"
                }
            ],
            "description": "A simple HTTP wrapper around CURL, with request and response classes.",
            "time": "2016-10-14T19:20:34+00:00"
        },
        {
            "name": "rdx/units",
            "version": "1.0",
            "source": {
                "type": "git",
                "url": "https://github.com/rudiedirkx/units.git",
                "reference": "f33b1f3274f007b62299d64a32d31c6d7c131806"
            },
            "dist": {
                "type": "zip",
                "url": "https://api.github.com/repos/rudiedirkx/units/zipball/f33b1f3274f007b62299d64a32d31c6d7c131806",
                "reference": "f33b1f3274f007b62299d64a32d31c6d7c131806",
                "shasum": ""
            },
            "require-dev": {
                "behat/behat": "^3.0"
            },
            "type": "library",
            "autoload": {
                "psr-4": {
                    "rdx\\units\\": "lib"
                }
            },
            "notification-url": "https://packagist.org/downloads/",
            "license": [
                "MIT"
            ],
            "authors": [
                {
                    "name": "Rudie Dirkx",
                    "email": "github@hotblocks.nl"
                }
            ],
            "description": "Convert between units",
            "time": "2017-04-29T22:43:57+00:00"
        }
    ],
    "packages-dev": [],
    "aliases": [],
    "minimum-stability": "stable",
    "stability-flags": [],
    "prefer-stable": false,
    "prefer-lowest": false,
    "platform": [],
    "platform-dev": []
}
